
Microsoft Visual Studio Solution File, Format Version 12.00
# Visual Studio Version 17
VisualStudioVersion = 17.4.33213.308
MinimumVisualStudioVersion = 10.0.40219.1
Project("{FAE04EC0-301F-11D3-BF4B-00C04F79EFBC}") = "Broker", "Broker\Broker.csproj", "{C8AC650B-970A-41AB-A00B-22FA6DF119FE}"
EndProject
Project("{54435603-DBB4-11D2-8724-00A0C9A8B90C}") = "BrokerMQTT", "BrokerMQTT\BrokerMQTT.vdproj", "{33F43B33-7A55-4857-BB63-E2F087F8A7DC}"
EndProject
Global
	GlobalSection(SolutionConfigurationPlatforms) = preSolution
		Debug|Any CPU = Debug|Any CPU
		Release|Any CPU = Release|Any CPU
	EndGlobalSection
	GlobalSection(ProjectConfigurationPlatforms) = postSolution
		{C8AC650B-970A-41AB-A00B-22FA6DF119FE}.Debug|Any CPU.ActiveCfg = Debug|Any CPU
		{C8AC650B-970A-41AB-A00B-22FA6DF119FE}.Debug|Any CPU.Build.0 = Debug|Any CPU
		{C8AC650B-970A-41AB-A00B-22FA6DF119FE}.Release|Any CPU.ActiveCfg = Release|Any CPU
		{C8AC650B-970A-41AB-A00B-22FA6DF119FE}.Release|Any CPU.Build.0 = Release|Any CPU
		{33F43B33-7A55-4857-BB63-E2F087F8A7DC}.Debug|Any CPU.ActiveCfg = Debug
		{33F43B33-7A55-4857-BB63-E2F087F8A7DC}.Release|Any CPU.ActiveCfg = Release
	EndGlobalSection
	GlobalSection(SolutionProperties) = preSolution
		HideSolutionNode = FALSE
	EndGlobalSection
	GlobalSection(ExtensibilityGlobals) = postSolution
		SolutionGuid = {DA1D959A-EA99-428C-B738-1FA5918C690B}
	EndGlobalSection
EndGlobal
